
Microsoft Visual Studio Solution File, Format Version 12.00
# Visual Studio Version 17
VisualStudioVersion = 17.0.31919.166
MinimumVisualStudioVersion = 10.0.40219.1
Project("{FAE04EC0-301F-11D3-BF4B-00C04F79EFBC}") = "Tic-Tac-Toe", "Tic-Tac-Toe.csproj", "{BDEA78C9-767F-4855-B736-8EC54714D2D6}"
EndProject
Global
	GlobalSection(SolutionConfigurationPlatforms) = preSolution
		Debug|Any CPU = Debug|Any CPU
		Release|Any CPU = Release|Any CPU
	EndGlobalSection
	GlobalSection(ProjectConfigurationPlatforms) = postSolution
		{BDEA78C9-767F-4855-B736-8EC54714D2D6}.Debug|Any CPU.ActiveCfg = Debug|Any CPU
		{BDEA78C9-767F-4855-B736-8EC54714D2D6}.Debug|Any CPU.Build.0 = Debug|Any CPU
		{BDEA78C9-767F-4855-B736-8EC54714D2D6}.Release|Any CPU.ActiveCfg = Release|Any CPU
		{BDEA78C9-767F-4855-B736-8EC54714D2D6}.Release|Any CPU.Build.0 = Release|Any CPU
	EndGlobalSection
	GlobalSection(SolutionProperties) = preSolution
		HideSolutionNode = FALSE
	EndGlobalSection
	GlobalSection(ExtensibilityGlobals) = postSolution
		SolutionGuid = {AFCF1AFE-47C1-4639-A4B5-AFBF576DA9AA}
	EndGlobalSection
EndGlobal
