
Microsoft Visual Studio Solution File, Format Version 12.00
# Visual Studio Version 17
VisualStudioVersion = 17.0.31919.166
MinimumVisualStudioVersion = 10.0.40219.1
Project("{FAE04EC0-301F-11D3-BF4B-00C04F79EFBC}") = "GradeApp", "GradeApp.csproj", "{273EFF99-22C0-48ED-B31A-7BA40D54F642}"
EndProject
Global
	GlobalSection(SolutionConfigurationPlatforms) = preSolution
		Debug|Any CPU = Debug|Any CPU
		Release|Any CPU = Release|Any CPU
	EndGlobalSection
	GlobalSection(ProjectConfigurationPlatforms) = postSolution
		{273EFF99-22C0-48ED-B31A-7BA40D54F642}.Debug|Any CPU.ActiveCfg = Debug|Any CPU
		{273EFF99-22C0-48ED-B31A-7BA40D54F642}.Debug|Any CPU.Build.0 = Debug|Any CPU
		{273EFF99-22C0-48ED-B31A-7BA40D54F642}.Release|Any CPU.ActiveCfg = Release|Any CPU
		{273EFF99-22C0-48ED-B31A-7BA40D54F642}.Release|Any CPU.Build.0 = Release|Any CPU
	EndGlobalSection
	GlobalSection(SolutionProperties) = preSolution
		HideSolutionNode = FALSE
	EndGlobalSection
	GlobalSection(ExtensibilityGlobals) = postSolution
		SolutionGuid = {E52F0DF7-55A2-4744-A8D4-7CE1D835681A}
	EndGlobalSection
EndGlobal
