
Microsoft Visual Studio Solution File, Format Version 12.00
# Visual Studio Version 17
VisualStudioVersion = 17.0.31919.166
MinimumVisualStudioVersion = 10.0.40219.1
Project("{FAE04EC0-301F-11D3-BF4B-00C04F79EFBC}") = "Student Course Enrollment", "Student Course Enrollment.csproj", "{BD69B410-28FA-49A5-B37A-8FA439B65A30}"
EndProject
Global
	GlobalSection(SolutionConfigurationPlatforms) = preSolution
		Debug|Any CPU = Debug|Any CPU
		Release|Any CPU = Release|Any CPU
	EndGlobalSection
	GlobalSection(ProjectConfigurationPlatforms) = postSolution
		{BD69B410-28FA-49A5-B37A-8FA439B65A30}.Debug|Any CPU.ActiveCfg = Debug|Any CPU
		{BD69B410-28FA-49A5-B37A-8FA439B65A30}.Debug|Any CPU.Build.0 = Debug|Any CPU
		{BD69B410-28FA-49A5-B37A-8FA439B65A30}.Release|Any CPU.ActiveCfg = Release|Any CPU
		{BD69B410-28FA-49A5-B37A-8FA439B65A30}.Release|Any CPU.Build.0 = Release|Any CPU
	EndGlobalSection
	GlobalSection(SolutionProperties) = preSolution
		HideSolutionNode = FALSE
	EndGlobalSection
	GlobalSection(ExtensibilityGlobals) = postSolution
		SolutionGuid = {5C59054A-AC4B-4506-B8BB-06E58F93A8FD}
	EndGlobalSection
EndGlobal
